
Microsoft Visual Studio Solution File, Format Version 12.00
# Visual Studio Version 17
VisualStudioVersion = 17.7.34031.279
MinimumVisualStudioVersion = 10.0.40219.1
Project("{FAE04EC0-301F-11D3-BF4B-00C04F79EFBC}") = "kayıt_ol", "kayıt_ol\kayıt_ol.csproj", "{0A9EB047-0847-4A20-9845-5480D3F3D569}"
EndProject
Global
	GlobalSection(SolutionConfigurationPlatforms) = preSolution
		Debug|Any CPU = Debug|Any CPU
		Release|Any CPU = Release|Any CPU
	EndGlobalSection
	GlobalSection(ProjectConfigurationPlatforms) = postSolution
		{0A9EB047-0847-4A20-9845-5480D3F3D569}.Debug|Any CPU.ActiveCfg = Debug|Any CPU
		{0A9EB047-0847-4A20-9845-5480D3F3D569}.Debug|Any CPU.Build.0 = Debug|Any CPU
		{0A9EB047-0847-4A20-9845-5480D3F3D569}.Release|Any CPU.ActiveCfg = Release|Any CPU
		{0A9EB047-0847-4A20-9845-5480D3F3D569}.Release|Any CPU.Build.0 = Release|Any CPU
	EndGlobalSection
	GlobalSection(SolutionProperties) = preSolution
		HideSolutionNode = FALSE
	EndGlobalSection
	GlobalSection(ExtensibilityGlobals) = postSolution
		SolutionGuid = {FE41C349-FD24-44E4-BE8A-67B8A0136E86}
	EndGlobalSection
EndGlobal
